<?xml version="1.0"?>
<CONFIG>
  <ProjectOptions>
    <PathDelim Value="\"/>
    <Version Value="7"/>
    <General>
      <MainUnit Value="0"/>
      <TargetFileExt Value=".exe"/>
      <Icon Value="0"/>
      <UseXPManifest Value="True"/>
      <ActiveEditorIndexAtStart Value="0"/>
    </General>
    <VersionInfo>
      <ProjectVersion Value=""/>
      <Language Value=""/>
      <CharSet Value=""/>
    </VersionInfo>
    <PublishOptions>
      <Version Value="2"/>
      <IgnoreBinaries Value="False"/>
      <IncludeFileFilter Value="*.(pas|pp|inc|lfm|lpr|lrs|lpi|lpk|sh|xml)"/>
      <ExcludeFileFilter Value="*.(bak|ppu|ppw|o|so);*~;backup"/>
    </PublishOptions>
    <RunParams>
      <local>
        <FormatVersion Value="1"/>
        <LaunchingApplication PathPlusParams="/usr/X11R6/bin/xterm -T 'Lazarus Run Output' -e $(LazarusDir)/tools/runwait.sh $(TargetCmdLine)"/>
      </local>
    </RunParams>
    <RequiredPackages Count="1">
      <Item1>
        <PackageName Value="LCL"/>
      </Item1>
    </RequiredPackages>
    <Units Count="5">
      <Unit0>
        <Filename Value="essolverdemo.lpr"/>
        <IsPartOfProject Value="True"/>
        <CursorPos X="30" Y="49"/>
        <TopLine Value="45"/>
        <EditorIndex Value="0"/>
        <UsageCount Value="20"/>
        <Loaded Value="True"/>
      </Unit0>
      <Unit1>
        <Filename Value="normaldistr.pas"/>
        <UnitName Value="normaldistr"/>
        <CursorPos X="1" Y="1"/>
        <TopLine Value="1"/>
        <EditorIndex Value="1"/>
        <UsageCount Value="10"/>
        <Loaded Value="True"/>
      </Unit1>
      <Unit2>
        <Filename Value="ap.pas"/>
        <UnitName Value="Ap"/>
        <CursorPos X="6" Y="16"/>
        <TopLine Value="7"/>
        <EditorIndex Value="2"/>
        <UsageCount Value="10"/>
        <Loaded Value="True"/>
      </Unit2>
      <Unit3>
        <Filename Value="ESInterfaces.pas"/>
        <UnitName Value="ESInterfaces"/>
        <CursorPos X="1" Y="1"/>
        <TopLine Value="1"/>
        <EditorIndex Value="3"/>
        <UsageCount Value="10"/>
        <Loaded Value="True"/>
      </Unit3>
      <Unit4>
        <Filename Value="essolver.pas"/>
        <UnitName Value="essolver"/>
        <CursorPos X="18" Y="19"/>
        <TopLine Value="16"/>
        <EditorIndex Value="4"/>
        <UsageCount Value="10"/>
        <Loaded Value="True"/>
      </Unit4>
    </Units>
    <JumpHistory Count="8" HistoryIndex="7">
      <Position1>
        <Filename Value="essolver.pas"/>
        <Caret Line="25" Column="39" TopLine="19"/>
      </Position1>
      <Position2>
        <Filename Value="essolverdemo.lpr"/>
        <Caret Line="1" Column="1" TopLine="1"/>
      </Position2>
      <Position3>
        <Filename Value="essolver.pas"/>
        <Caret Line="25" Column="120" TopLine="19"/>
      </Position3>
      <Position4>
        <Filename Value="essolverdemo.lpr"/>
        <Caret Line="80" Column="60" TopLine="73"/>
      </Position4>
      <Position5>
        <Filename Value="essolverdemo.lpr"/>
        <Caret Line="55" Column="21" TopLine="49"/>
      </Position5>
      <Position6>
        <Filename Value="essolverdemo.lpr"/>
        <Caret Line="62" Column="36" TopLine="55"/>
      </Position6>
      <Position7>
        <Filename Value="essolverdemo.lpr"/>
        <Caret Line="55" Column="21" TopLine="49"/>
      </Position7>
      <Position8>
        <Filename Value="essolverdemo.lpr"/>
        <Caret Line="70" Column="18" TopLine="61"/>
      </Position8>
    </JumpHistory>
  </ProjectOptions>
  <CompilerOptions>
    <Version Value="8"/>
    <PathDelim Value="\"/>
    <Other>
      <CompilerPath Value="$(CompPath)"/>
    </Other>
  </CompilerOptions>
  <Debugging>
    <Exceptions Count="3">
      <Item1>
        <Name Value="EAbort"/>
      </Item1>
      <Item2>
        <Name Value="ECodetoolError"/>
      </Item2>
      <Item3>
        <Name Value="EFOpenError"/>
      </Item3>
    </Exceptions>
  </Debugging>
</CONFIG>
